// !$*UTF8*$!
{
	archiveVersion = 1;
	classes = {
	};
	objectVersion = 56;
	objects = {

/* Begin PBXBuildFile section */
		192E07FCA15B3780A7C9E961 /* Pods_MVVM_CleanArchitecture_MVVM_CleanArchitectureUITests.framework in Frameworks */ = {isa = PBXBuildFile; fileRef = 214BAB9C743658FB4B311F6E /* Pods_MVVM_CleanArchitecture_MVVM_CleanArchitectureUITests.framework */; };
		1D993FBA2D2C28EF00074D18 /* AppDelegate.swift in Sources */ = {isa = PBXBuildFile; fileRef = 1D993FB92D2C28EF00074D18 /* AppDelegate.swift */; };
		1D993FBC2D2C28EF00074D18 /* SceneDelegate.swift in Sources */ = {isa = PBXBuildFile; fileRef = 1D993FBB2D2C28EF00074D18 /* SceneDelegate.swift */; };
		1D993FBE2D2C28EF00074D18 /* UserListViewController.swift in Sources */ = {isa = PBXBuildFile; fileRef = 1D993FBD2D2C28EF00074D18 /* UserListViewController.swift */; };
		1D993FC32D2C28F000074D18 /* Assets.xcassets in Resources */ = {isa = PBXBuildFile; fileRef = 1D993FC22D2C28F000074D18 /* Assets.xcassets */; };
		1D993FD12D2C28F000074D18 /* MVVM_CleanArchitectureTests.swift in Sources */ = {isa = PBXBuildFile; fileRef = 1D993FD02D2C28F000074D18 /* MVVM_CleanArchitectureTests.swift */; };
		1D993FDB2D2C28F000074D18 /* MVVM_CleanArchitectureUITests.swift in Sources */ = {isa = PBXBuildFile; fileRef = 1D993FDA2D2C28F000074D18 /* MVVM_CleanArchitectureUITests.swift */; };
		1D993FDD2D2C28F000074D18 /* MVVM_CleanArchitectureUITestsLaunchTests.swift in Sources */ = {isa = PBXBuildFile; fileRef = 1D993FDC2D2C28F000074D18 /* MVVM_CleanArchitectureUITestsLaunchTests.swift */; };
		1D993FED2D2C2CA600074D18 /* UserListItem.swift in Sources */ = {isa = PBXBuildFile; fileRef = 1D993FEC2D2C2CA600074D18 /* UserListItem.swift */; };
		1D993FEF2D2C2E2C00074D18 /* NetworkError.swift in Sources */ = {isa = PBXBuildFile; fileRef = 1D993FEE2D2C2E2C00074D18 /* NetworkError.swift */; };
		1D993FF12D2C2FB400074D18 /* CoreDataError.swift in Sources */ = {isa = PBXBuildFile; fileRef = 1D993FF02D2C2FB400074D18 /* CoreDataError.swift */; };
		1D993FF32D2C315200074D18 /* UserListUsecase.swift in Sources */ = {isa = PBXBuildFile; fileRef = 1D993FF22D2C315200074D18 /* UserListUsecase.swift */; };
		1D993FF62D2C345000074D18 /* UserRepositoryProtocol.swift in Sources */ = {isa = PBXBuildFile; fileRef = 1D993FF52D2C345000074D18 /* UserRepositoryProtocol.swift */; };
		1D993FFC2D2CC21600074D18 /* UserSession.swift in Sources */ = {isa = PBXBuildFile; fileRef = 1D993FFB2D2CC21600074D18 /* UserSession.swift */; };
		1D993FFE2D2D673A00074D18 /* NetworkManager.swift in Sources */ = {isa = PBXBuildFile; fileRef = 1D993FFD2D2D673A00074D18 /* NetworkManager.swift */; };
		1D9940022D2D735200074D18 /* UserNetwork.swift in Sources */ = {isa = PBXBuildFile; fileRef = 1D9940012D2D735200074D18 /* UserNetwork.swift */; };
		1D9940052D2D759200074D18 /* MVVM+CleanArchitecture.xcdatamodeld in Sources */ = {isa = PBXBuildFile; fileRef = 1D9940032D2D759200074D18 /* MVVM+CleanArchitecture.xcdatamodeld */; };
		1D9940072D2D782700074D18 /* UserCoreData.swift in Sources */ = {isa = PBXBuildFile; fileRef = 1D9940062D2D782700074D18 /* UserCoreData.swift */; };
		1D9940092D2D886F00074D18 /* UserRepository.swift in Sources */ = {isa = PBXBuildFile; fileRef = 1D9940082D2D886F00074D18 /* UserRepository.swift */; };
		1D99400B2D2E1CE100074D18 /* UserUsecaseTests.swift in Sources */ = {isa = PBXBuildFile; fileRef = 1D99400A2D2E1CE100074D18 /* UserUsecaseTests.swift */; };
		1D9940102D2E228000074D18 /* MockUserRepository.swift in Sources */ = {isa = PBXBuildFile; fileRef = 1D99400F2D2E228000074D18 /* MockUserRepository.swift */; };
		1D9940142D2E369700074D18 /* UserListViewModel.swift in Sources */ = {isa = PBXBuildFile; fileRef = 1D9940132D2E369700074D18 /* UserListViewModel.swift */; };
		44D2ACD4F2EB8ADF9DC3570F /* Pods_MVVM_CleanArchitecture.framework in Frameworks */ = {isa = PBXBuildFile; fileRef = 440D12DEDB017C683DB86084 /* Pods_MVVM_CleanArchitecture.framework */; };
		59145616A13D532937740833 /* Pods_MVVM_CleanArchitectureTests.framework in Frameworks */ = {isa = PBXBuildFile; fileRef = B0ABEF76B408CC46CF6E17FA /* Pods_MVVM_CleanArchitectureTests.framework */; };
/* End PBXBuildFile section */

/* Begin PBXContainerItemProxy section */
		1D993FCD2D2C28F000074D18 /* PBXContainerItemProxy */ = {
			isa = PBXContainerItemProxy;
			containerPortal = 1D993FAE2D2C28EF00074D18 /* Project object */;
			proxyType = 1;
			remoteGlobalIDString = 1D993FB52D2C28EF00074D18;
			remoteInfo = "MVVM+CleanArchitecture";
		};
		1D993FD72D2C28F000074D18 /* PBXContainerItemProxy */ = {
			isa = PBXContainerItemProxy;
			containerPortal = 1D993FAE2D2C28EF00074D18 /* Project object */;
			proxyType = 1;
			remoteGlobalIDString = 1D993FB52D2C28EF00074D18;
			remoteInfo = "MVVM+CleanArchitecture";
		};
/* End PBXContainerItemProxy section */

/* Begin PBXFileReference section */
		0717BEE962EAFEC4F4460FEF /* Pods-MVVM+CleanArchitectureTests.release.xcconfig */ = {isa = PBXFileReference; includeInIndex = 1; lastKnownFileType = text.xcconfig; name = "Pods-MVVM+CleanArchitectureTests.release.xcconfig"; path = "Target Support Files/Pods-MVVM+CleanArchitectureTests/Pods-MVVM+CleanArchitectureTests.release.xcconfig"; sourceTree = "<group>"; };
		1D993FB62D2C28EF00074D18 /* MVVM+CleanArchitecture.app */ = {isa = PBXFileReference; explicitFileType = wrapper.application; includeInIndex = 0; path = "MVVM+CleanArchitecture.app"; sourceTree = BUILT_PRODUCTS_DIR; };
		1D993FB92D2C28EF00074D18 /* AppDelegate.swift */ = {isa = PBXFileReference; lastKnownFileType = sourcecode.swift; path = AppDelegate.swift; sourceTree = "<group>"; };
		1D993FBB2D2C28EF00074D18 /* SceneDelegate.swift */ = {isa = PBXFileReference; lastKnownFileType = sourcecode.swift; path = SceneDelegate.swift; sourceTree = "<group>"; };
		1D993FBD2D2C28EF00074D18 /* UserListViewController.swift */ = {isa = PBXFileReference; lastKnownFileType = sourcecode.swift; path = UserListViewController.swift; sourceTree = "<group>"; };
		1D993FC22D2C28F000074D18 /* Assets.xcassets */ = {isa = PBXFileReference; lastKnownFileType = folder.assetcatalog; path = Assets.xcassets; sourceTree = "<group>"; };
		1D993FC72D2C28F000074D18 /* Info.plist */ = {isa = PBXFileReference; lastKnownFileType = text.plist.xml; path = Info.plist; sourceTree = "<group>"; };
		1D993FCC2D2C28F000074D18 /* MVVM+CleanArchitectureTests.xctest */ = {isa = PBXFileReference; explicitFileType = wrapper.cfbundle; includeInIndex = 0; path = "MVVM+CleanArchitectureTests.xctest"; sourceTree = BUILT_PRODUCTS_DIR; };
		1D993FD02D2C28F000074D18 /* MVVM_CleanArchitectureTests.swift */ = {isa = PBXFileReference; lastKnownFileType = sourcecode.swift; path = MVVM_CleanArchitectureTests.swift; sourceTree = "<group>"; };
		1D993FD62D2C28F000074D18 /* MVVM+CleanArchitectureUITests.xctest */ = {isa = PBXFileReference; explicitFileType = wrapper.cfbundle; includeInIndex = 0; path = "MVVM+CleanArchitectureUITests.xctest"; sourceTree = BUILT_PRODUCTS_DIR; };
		1D993FDA2D2C28F000074D18 /* MVVM_CleanArchitectureUITests.swift */ = {isa = PBXFileReference; lastKnownFileType = sourcecode.swift; path = MVVM_CleanArchitectureUITests.swift; sourceTree = "<group>"; };
		1D993FDC2D2C28F000074D18 /* MVVM_CleanArchitectureUITestsLaunchTests.swift */ = {isa = PBXFileReference; lastKnownFileType = sourcecode.swift; path = MVVM_CleanArchitectureUITestsLaunchTests.swift; sourceTree = "<group>"; };
		1D993FEC2D2C2CA600074D18 /* UserListItem.swift */ = {isa = PBXFileReference; lastKnownFileType = sourcecode.swift; path = UserListItem.swift; sourceTree = "<group>"; };
		1D993FEE2D2C2E2C00074D18 /* NetworkError.swift */ = {isa = PBXFileReference; lastKnownFileType = sourcecode.swift; path = NetworkError.swift; sourceTree = "<group>"; };
		1D993FF02D2C2FB400074D18 /* CoreDataError.swift */ = {isa = PBXFileReference; lastKnownFileType = sourcecode.swift; path = CoreDataError.swift; sourceTree = "<group>"; };
		1D993FF22D2C315200074D18 /* UserListUsecase.swift */ = {isa = PBXFileReference; lastKnownFileType = sourcecode.swift; path = UserListUsecase.swift; sourceTree = "<group>"; };
		1D993FF52D2C345000074D18 /* UserRepositoryProtocol.swift */ = {isa = PBXFileReference; lastKnownFileType = sourcecode.swift; path = UserRepositoryProtocol.swift; sourceTree = "<group>"; };
		1D993FFB2D2CC21600074D18 /* UserSession.swift */ = {isa = PBXFileReference; lastKnownFileType = sourcecode.swift; path = UserSession.swift; sourceTree = "<group>"; };
		1D993FFD2D2D673A00074D18 /* NetworkManager.swift */ = {isa = PBXFileReference; lastKnownFileType = sourcecode.swift; path = NetworkManager.swift; sourceTree = "<group>"; };
		1D9940012D2D735200074D18 /* UserNetwork.swift */ = {isa = PBXFileReference; lastKnownFileType = sourcecode.swift; path = UserNetwork.swift; sourceTree = "<group>"; };
		1D9940042D2D759200074D18 /* MVVM+CleanArchitecture.xcdatamodel */ = {isa = PBXFileReference; lastKnownFileType = wrapper.xcdatamodel; path = "MVVM+CleanArchitecture.xcdatamodel"; sourceTree = "<group>"; };
		1D9940062D2D782700074D18 /* UserCoreData.swift */ = {isa = PBXFileReference; lastKnownFileType = sourcecode.swift; path = UserCoreData.swift; sourceTree = "<group>"; };
		1D9940082D2D886F00074D18 /* UserRepository.swift */ = {isa = PBXFileReference; lastKnownFileType = sourcecode.swift; path = UserRepository.swift; sourceTree = "<group>"; };
		1D99400A2D2E1CE100074D18 /* UserUsecaseTests.swift */ = {isa = PBXFileReference; lastKnownFileType = sourcecode.swift; path = UserUsecaseTests.swift; sourceTree = "<group>"; };
		1D99400F2D2E228000074D18 /* MockUserRepository.swift */ = {isa = PBXFileReference; lastKnownFileType = sourcecode.swift; path = MockUserRepository.swift; sourceTree = "<group>"; };
		1D9940132D2E369700074D18 /* UserListViewModel.swift */ = {isa = PBXFileReference; lastKnownFileType = sourcecode.swift; path = UserListViewModel.swift; sourceTree = "<group>"; };
		214BAB9C743658FB4B311F6E /* Pods_MVVM_CleanArchitecture_MVVM_CleanArchitectureUITests.framework */ = {isa = PBXFileReference; explicitFileType = wrapper.framework; includeInIndex = 0; path = Pods_MVVM_CleanArchitecture_MVVM_CleanArchitectureUITests.framework; sourceTree = BUILT_PRODUCTS_DIR; };
		440D12DEDB017C683DB86084 /* Pods_MVVM_CleanArchitecture.framework */ = {isa = PBXFileReference; explicitFileType = wrapper.framework; includeInIndex = 0; path = Pods_MVVM_CleanArchitecture.framework; sourceTree = BUILT_PRODUCTS_DIR; };
		5253F409B6D17DF9AEB7B889 /* Pods-MVVM+CleanArchitecture-MVVM+CleanArchitectureUITests.debug.xcconfig */ = {isa = PBXFileReference; includeInIndex = 1; lastKnownFileType = text.xcconfig; name = "Pods-MVVM+CleanArchitecture-MVVM+CleanArchitectureUITests.debug.xcconfig"; path = "Target Support Files/Pods-MVVM+CleanArchitecture-MVVM+CleanArchitectureUITests/Pods-MVVM+CleanArchitecture-MVVM+CleanArchitectureUITests.debug.xcconfig"; sourceTree = "<group>"; };
		7498BF663124C9DD27379973 /* Pods-MVVM+CleanArchitecture.debug.xcconfig */ = {isa = PBXFileReference; includeInIndex = 1; lastKnownFileType = text.xcconfig; name = "Pods-MVVM+CleanArchitecture.debug.xcconfig"; path = "Target Support Files/Pods-MVVM+CleanArchitecture/Pods-MVVM+CleanArchitecture.debug.xcconfig"; sourceTree = "<group>"; };
		B0ABEF76B408CC46CF6E17FA /* Pods_MVVM_CleanArchitectureTests.framework */ = {isa = PBXFileReference; explicitFileType = wrapper.framework; includeInIndex = 0; path = Pods_MVVM_CleanArchitectureTests.framework; sourceTree = BUILT_PRODUCTS_DIR; };
		B5F6AD38E86633C6E6077197 /* Pods-MVVM+CleanArchitecture.release.xcconfig */ = {isa = PBXFileReference; includeInIndex = 1; lastKnownFileType = text.xcconfig; name = "Pods-MVVM+CleanArchitecture.release.xcconfig"; path = "Target Support Files/Pods-MVVM+CleanArchitecture/Pods-MVVM+CleanArchitecture.release.xcconfig"; sourceTree = "<group>"; };
		D83B056D36B29410AC72A12D /* Pods-MVVM+CleanArchitecture-MVVM+CleanArchitectureUITests.release.xcconfig */ = {isa = PBXFileReference; includeInIndex = 1; lastKnownFileType = text.xcconfig; name = "Pods-MVVM+CleanArchitecture-MVVM+CleanArchitectureUITests.release.xcconfig"; path = "Target Support Files/Pods-MVVM+CleanArchitecture-MVVM+CleanArchitectureUITests/Pods-MVVM+CleanArchitecture-MVVM+CleanArchitectureUITests.release.xcconfig"; sourceTree = "<group>"; };
		E1182B9B52D6D891BB781C34 /* Pods-MVVM+CleanArchitectureTests.debug.xcconfig */ = {isa = PBXFileReference; includeInIndex = 1; lastKnownFileType = text.xcconfig; name = "Pods-MVVM+CleanArchitectureTests.debug.xcconfig"; path = "Target Support Files/Pods-MVVM+CleanArchitectureTests/Pods-MVVM+CleanArchitectureTests.debug.xcconfig"; sourceTree = "<group>"; };
/* End PBXFileReference section */

/* Begin PBXFrameworksBuildPhase section */
		1D993FB32D2C28EF00074D18 /* Frameworks */ = {
			isa = PBXFrameworksBuildPhase;
			buildActionMask = 2147483647;
			files = (
				44D2ACD4F2EB8ADF9DC3570F /* Pods_MVVM_CleanArchitecture.framework in Frameworks */,
			);
			runOnlyForDeploymentPostprocessing = 0;
		};
		1D993FC92D2C28F000074D18 /* Frameworks */ = {
			isa = PBXFrameworksBuildPhase;
			buildActionMask = 2147483647;
			files = (
				59145616A13D532937740833 /* Pods_MVVM_CleanArchitectureTests.framework in Frameworks */,
			);
			runOnlyForDeploymentPostprocessing = 0;
		};
		1D993FD32D2C28F000074D18 /* Frameworks */ = {
			isa = PBXFrameworksBuildPhase;
			buildActionMask = 2147483647;
			files = (
				192E07FCA15B3780A7C9E961 /* Pods_MVVM_CleanArchitecture_MVVM_CleanArchitectureUITests.framework in Frameworks */,
			);
			runOnlyForDeploymentPostprocessing = 0;
		};
/* End PBXFrameworksBuildPhase section */

/* Begin PBXGroup section */
		0E386BAB34D97805B94F102B /* Pods */ = {
			isa = PBXGroup;
			children = (
				7498BF663124C9DD27379973 /* Pods-MVVM+CleanArchitecture.debug.xcconfig */,
				B5F6AD38E86633C6E6077197 /* Pods-MVVM+CleanArchitecture.release.xcconfig */,
				5253F409B6D17DF9AEB7B889 /* Pods-MVVM+CleanArchitecture-MVVM+CleanArchitectureUITests.debug.xcconfig */,
				D83B056D36B29410AC72A12D /* Pods-MVVM+CleanArchitecture-MVVM+CleanArchitectureUITests.release.xcconfig */,
				E1182B9B52D6D891BB781C34 /* Pods-MVVM+CleanArchitectureTests.debug.xcconfig */,
				0717BEE962EAFEC4F4460FEF /* Pods-MVVM+CleanArchitectureTests.release.xcconfig */,
			);
			path = Pods;
			sourceTree = "<group>";
		};
		1D993FAD2D2C28EF00074D18 = {
			isa = PBXGroup;
			children = (
				1D9940032D2D759200074D18 /* MVVM+CleanArchitecture.xcdatamodeld */,
				1D993FB82D2C28EF00074D18 /* MVVM+CleanArchitecture */,
				1D993FCF2D2C28F000074D18 /* MVVM+CleanArchitectureTests */,
				1D993FD92D2C28F000074D18 /* MVVM+CleanArchitectureUITests */,
				1D993FB72D2C28EF00074D18 /* Products */,
				0E386BAB34D97805B94F102B /* Pods */,
				2483C6B2A141DE4878FAE761 /* Frameworks */,
			);
			sourceTree = "<group>";
		};
		1D993FB72D2C28EF00074D18 /* Products */ = {
			isa = PBXGroup;
			children = (
				1D993FB62D2C28EF00074D18 /* MVVM+CleanArchitecture.app */,
				1D993FCC2D2C28F000074D18 /* MVVM+CleanArchitectureTests.xctest */,
				1D993FD62D2C28F000074D18 /* MVVM+CleanArchitectureUITests.xctest */,
			);
			name = Products;
			sourceTree = "<group>";
		};
		1D993FB82D2C28EF00074D18 /* MVVM+CleanArchitecture */ = {
			isa = PBXGroup;
			children = (
				1D993FB92D2C28EF00074D18 /* AppDelegate.swift */,
				1D993FBB2D2C28EF00074D18 /* SceneDelegate.swift */,
				1D993FBD2D2C28EF00074D18 /* UserListViewController.swift */,
				1D9940112D2E282C00074D18 /* Presentation */,
				1D993FF72D2CBA5900074D18 /* Data */,
				1D993FE92D2C2C7700074D18 /* Domain */,
				1D993FC22D2C28F000074D18 /* Assets.xcassets */,
				1D993FC72D2C28F000074D18 /* Info.plist */,
			);
			path = "MVVM+CleanArchitecture";
			sourceTree = "<group>";
		};
		1D993FCF2D2C28F000074D18 /* MVVM+CleanArchitectureTests */ = {
			isa = PBXGroup;
			children = (
				1D993FD02D2C28F000074D18 /* MVVM_CleanArchitectureTests.swift */,
				1D99400A2D2E1CE100074D18 /* UserUsecaseTests.swift */,
				1D99400C2D2E21D200074D18 /* Mock */,
			);
			path = "MVVM+CleanArchitectureTests";
			sourceTree = "<group>";
		};
		1D993FD92D2C28F000074D18 /* MVVM+CleanArchitectureUITests */ = {
			isa = PBXGroup;
			children = (
				1D993FDA2D2C28F000074D18 /* MVVM_CleanArchitectureUITests.swift */,
				1D993FDC2D2C28F000074D18 /* MVVM_CleanArchitectureUITestsLaunchTests.swift */,
			);
			path = "MVVM+CleanArchitectureUITests";
			sourceTree = "<group>";
		};
		1D993FE92D2C2C7700074D18 /* Domain */ = {
			isa = PBXGroup;
			children = (
				1D993FF42D2C343B00074D18 /* RepositoryProtocol */,
				1D993FEB2D2C2C8500074D18 /* Usecase */,
				1D993FEA2D2C2C7C00074D18 /* Entity */,
			);
			path = Domain;
			sourceTree = "<group>";
		};
		1D993FEA2D2C2C7C00074D18 /* Entity */ = {
			isa = PBXGroup;
			children = (
				1D993FEC2D2C2CA600074D18 /* UserListItem.swift */,
				1D993FEE2D2C2E2C00074D18 /* NetworkError.swift */,
				1D993FF02D2C2FB400074D18 /* CoreDataError.swift */,
			);
			path = Entity;
			sourceTree = "<group>";
		};
		1D993FEB2D2C2C8500074D18 /* Usecase */ = {
			isa = PBXGroup;
			children = (
				1D993FF22D2C315200074D18 /* UserListUsecase.swift */,
			);
			path = Usecase;
			sourceTree = "<group>";
		};
		1D993FF42D2C343B00074D18 /* RepositoryProtocol */ = {
			isa = PBXGroup;
			children = (
				1D993FF52D2C345000074D18 /* UserRepositoryProtocol.swift */,
			);
			path = RepositoryProtocol;
			sourceTree = "<group>";
		};
		1D993FF72D2CBA5900074D18 /* Data */ = {
			isa = PBXGroup;
			children = (
				1D993FFA2D2CBA6E00074D18 /* Repository */,
				1D993FF92D2CBA6A00074D18 /* CoreData */,
				1D993FF82D2CBA6600074D18 /* Network */,
			);
			path = Data;
			sourceTree = "<group>";
		};
		1D993FF82D2CBA6600074D18 /* Network */ = {
			isa = PBXGroup;
			children = (
				1D993FFB2D2CC21600074D18 /* UserSession.swift */,
				1D993FFD2D2D673A00074D18 /* NetworkManager.swift */,
				1D9940012D2D735200074D18 /* UserNetwork.swift */,
			);
			path = Network;
			sourceTree = "<group>";
		};
		1D993FF92D2CBA6A00074D18 /* CoreData */ = {
			isa = PBXGroup;
			children = (
				1D9940062D2D782700074D18 /* UserCoreData.swift */,
			);
			path = CoreData;
			sourceTree = "<group>";
		};
		1D993FFA2D2CBA6E00074D18 /* Repository */ = {
			isa = PBXGroup;
			children = (
				1D9940082D2D886F00074D18 /* UserRepository.swift */,
			);
			path = Repository;
			sourceTree = "<group>";
		};
		1D99400C2D2E21D200074D18 /* Mock */ = {
			isa = PBXGroup;
			children = (
				1D99400F2D2E228000074D18 /* MockUserRepository.swift */,
			);
			path = Mock;
			sourceTree = "<group>";
		};
		1D9940112D2E282C00074D18 /* Presentation */ = {
			isa = PBXGroup;
			children = (
				1D9940122D2E283300074D18 /* ViewModel */,
			);
			path = Presentation;
			sourceTree = "<group>";
		};
		1D9940122D2E283300074D18 /* ViewModel */ = {
			isa = PBXGroup;
			children = (
				1D9940132D2E369700074D18 /* UserListViewModel.swift */,
			);
			path = ViewModel;
			sourceTree = "<group>";
		};
		2483C6B2A141DE4878FAE761 /* Frameworks */ = {
			isa = PBXGroup;
			children = (
				440D12DEDB017C683DB86084 /* Pods_MVVM_CleanArchitecture.framework */,
				214BAB9C743658FB4B311F6E /* Pods_MVVM_CleanArchitecture_MVVM_CleanArchitectureUITests.framework */,
				B0ABEF76B408CC46CF6E17FA /* Pods_MVVM_CleanArchitectureTests.framework */,
			);
			name = Frameworks;
			sourceTree = "<group>";
		};
/* End PBXGroup section */

/* Begin PBXNativeTarget section */
		1D993FB52D2C28EF00074D18 /* MVVM+CleanArchitecture */ = {
			isa = PBXNativeTarget;
			buildConfigurationList = 1D993FE02D2C28F000074D18 /* Build configuration list for PBXNativeTarget "MVVM+CleanArchitecture" */;
			buildPhases = (
				1538A1FD278BFA3A903906CD /* [CP] Check Pods Manifest.lock */,
				1D993FB22D2C28EF00074D18 /* Sources */,
				1D993FB32D2C28EF00074D18 /* Frameworks */,
				1D993FB42D2C28EF00074D18 /* Resources */,
				5AC0253084825D08EB720750 /* [CP] Embed Pods Frameworks */,
			);
			buildRules = (
			);
			dependencies = (
			);
			name = "MVVM+CleanArchitecture";
			productName = "MVVM+CleanArchitecture";
			productReference = 1D993FB62D2C28EF00074D18 /* MVVM+CleanArchitecture.app */;
			productType = "com.apple.product-type.application";
		};
		1D993FCB2D2C28F000074D18 /* MVVM+CleanArchitectureTests */ = {
			isa = PBXNativeTarget;
			buildConfigurationList = 1D993FE32D2C28F000074D18 /* Build configuration list for PBXNativeTarget "MVVM+CleanArchitectureTests" */;
			buildPhases = (
				698550FF730274D829E6AE6F /* [CP] Check Pods Manifest.lock */,
				1D993FC82D2C28F000074D18 /* Sources */,
				1D993FC92D2C28F000074D18 /* Frameworks */,
				1D993FCA2D2C28F000074D18 /* Resources */,
			);
			buildRules = (
			);
			dependencies = (
				1D993FCE2D2C28F000074D18 /* PBXTargetDependency */,
			);
			name = "MVVM+CleanArchitectureTests";
			productName = "MVVM+CleanArchitectureTests";
			productReference = 1D993FCC2D2C28F000074D18 /* MVVM+CleanArchitectureTests.xctest */;
			productType = "com.apple.product-type.bundle.unit-test";
		};
		1D993FD52D2C28F000074D18 /* MVVM+CleanArchitectureUITests */ = {
			isa = PBXNativeTarget;
			buildConfigurationList = 1D993FE62D2C28F000074D18 /* Build configuration list for PBXNativeTarget "MVVM+CleanArchitectureUITests" */;
			buildPhases = (
				8B090BB135C0275A7A50C4D9 /* [CP] Check Pods Manifest.lock */,
				1D993FD22D2C28F000074D18 /* Sources */,
				1D993FD32D2C28F000074D18 /* Frameworks */,
				1D993FD42D2C28F000074D18 /* Resources */,
				F1108FB573D01C9B475E57EA /* [CP] Embed Pods Frameworks */,
			);
			buildRules = (
			);
			dependencies = (
				1D993FD82D2C28F000074D18 /* PBXTargetDependency */,
			);
			name = "MVVM+CleanArchitectureUITests";
			productName = "MVVM+CleanArchitectureUITests";
			productReference = 1D993FD62D2C28F000074D18 /* MVVM+CleanArchitectureUITests.xctest */;
			productType = "com.apple.product-type.bundle.ui-testing";
		};
/* End PBXNativeTarget section */

/* Begin PBXProject section */
		1D993FAE2D2C28EF00074D18 /* Project object */ = {
			isa = PBXProject;
			attributes = {
				BuildIndependentTargetsInParallel = 1;
				LastSwiftUpdateCheck = 1540;
				LastUpgradeCheck = 1540;
				TargetAttributes = {
					1D993FB52D2C28EF00074D18 = {
						CreatedOnToolsVersion = 15.4;
					};
					1D993FCB2D2C28F000074D18 = {
						CreatedOnToolsVersion = 15.4;
						TestTargetID = 1D993FB52D2C28EF00074D18;
					};
					1D993FD52D2C28F000074D18 = {
						CreatedOnToolsVersion = 15.4;
						TestTargetID = 1D993FB52D2C28EF00074D18;
					};
				};
			};
			buildConfigurationList = 1D993FB12D2C28EF00074D18 /* Build configuration list for PBXProject "MVVM+CleanArchitecture" */;
			compatibilityVersion = "Xcode 14.0";
			developmentRegion = en;
			hasScannedForEncodings = 0;
			knownRegions = (
				en,
				Base,
			);
			mainGroup = 1D993FAD2D2C28EF00074D18;
			productRefGroup = 1D993FB72D2C28EF00074D18 /* Products */;
			projectDirPath = "";
			projectRoot = "";
			targets = (
				1D993FB52D2C28EF00074D18 /* MVVM+CleanArchitecture */,
				1D993FCB2D2C28F000074D18 /* MVVM+CleanArchitectureTests */,
				1D993FD52D2C28F000074D18 /* MVVM+CleanArchitectureUITests */,
			);
		};
/* End PBXProject section */

/* Begin PBXResourcesBuildPhase section */
		1D993FB42D2C28EF00074D18 /* Resources */ = {
			isa = PBXResourcesBuildPhase;
			buildActionMask = 2147483647;
			files = (
				1D993FC32D2C28F000074D18 /* Assets.xcassets in Resources */,
			);
			runOnlyForDeploymentPostprocessing = 0;
		};
		1D993FCA2D2C28F000074D18 /* Resources */ = {
			isa = PBXResourcesBuildPhase;
			buildActionMask = 2147483647;
			files = (
			);
			runOnlyForDeploymentPostprocessing = 0;
		};
		1D993FD42D2C28F000074D18 /* Resources */ = {
			isa = PBXResourcesBuildPhase;
			buildActionMask = 2147483647;
			files = (
			);
			runOnlyForDeploymentPostprocessing = 0;
		};
/* End PBXResourcesBuildPhase section */

/* Begin PBXShellScriptBuildPhase section */
		1538A1FD278BFA3A903906CD /* [CP] Check Pods Manifest.lock */ = {
			isa = PBXShellScriptBuildPhase;
			buildActionMask = 2147483647;
			files = (
			);
			inputFileListPaths = (
			);
			inputPaths = (
				"${PODS_PODFILE_DIR_PATH}/Podfile.lock",
				"${PODS_ROOT}/Manifest.lock",
			);
			name = "[CP] Check Pods Manifest.lock";
			outputFileListPaths = (
			);
			outputPaths = (
				"$(DERIVED_FILE_DIR)/Pods-MVVM+CleanArchitecture-checkManifestLockResult.txt",
			);
			runOnlyForDeploymentPostprocessing = 0;
			shellPath = /bin/sh;
			shellScript = "diff \"${PODS_PODFILE_DIR_PATH}/Podfile.lock\" \"${PODS_ROOT}/Manifest.lock\" > /dev/null\nif [ $? != 0 ] ; then\n    # print error to STDERR\n    echo \"error: The sandbox is not in sync with the Podfile.lock. Run 'pod install' or update your CocoaPods installation.\" >&2\n    exit 1\nfi\n# This output is used by Xcode 'outputs' to avoid re-running this script phase.\necho \"SUCCESS\" > \"${SCRIPT_OUTPUT_FILE_0}\"\n";
			showEnvVarsInLog = 0;
		};
		5AC0253084825D08EB720750 /* [CP] Embed Pods Frameworks */ = {
			isa = PBXShellScriptBuildPhase;
			buildActionMask = 2147483647;
			files = (
			);
			inputFileListPaths = (
				"${PODS_ROOT}/Target Support Files/Pods-MVVM+CleanArchitecture/Pods-MVVM+CleanArchitecture-frameworks-${CONFIGURATION}-input-files.xcfilelist",
			);
			name = "[CP] Embed Pods Frameworks";
			outputFileListPaths = (
				"${PODS_ROOT}/Target Support Files/Pods-MVVM+CleanArchitecture/Pods-MVVM+CleanArchitecture-frameworks-${CONFIGURATION}-output-files.xcfilelist",
			);
			runOnlyForDeploymentPostprocessing = 0;
			shellPath = /bin/sh;
			shellScript = "\"${PODS_ROOT}/Target Support Files/Pods-MVVM+CleanArchitecture/Pods-MVVM+CleanArchitecture-frameworks.sh\"\n";
			showEnvVarsInLog = 0;
		};
		698550FF730274D829E6AE6F /* [CP] Check Pods Manifest.lock */ = {
			isa = PBXShellScriptBuildPhase;
			buildActionMask = 2147483647;
			files = (
			);
			inputFileListPaths = (
			);
			inputPaths = (
				"${PODS_PODFILE_DIR_PATH}/Podfile.lock",
				"${PODS_ROOT}/Manifest.lock",
			);
			name = "[CP] Check Pods Manifest.lock";
			outputFileListPaths = (
			);
			outputPaths = (
				"$(DERIVED_FILE_DIR)/Pods-MVVM+CleanArchitectureTests-checkManifestLockResult.txt",
			);
			runOnlyForDeploymentPostprocessing = 0;
			shellPath = /bin/sh;
			shellScript = "diff \"${PODS_PODFILE_DIR_PATH}/Podfile.lock\" \"${PODS_ROOT}/Manifest.lock\" > /dev/null\nif [ $? != 0 ] ; then\n    # print error to STDERR\n    echo \"error: The sandbox is not in sync with the Podfile.lock. Run 'pod install' or update your CocoaPods installation.\" >&2\n    exit 1\nfi\n# This output is used by Xcode 'outputs' to avoid re-running this script phase.\necho \"SUCCESS\" > \"${SCRIPT_OUTPUT_FILE_0}\"\n";
			showEnvVarsInLog = 0;
		};
		8B090BB135C0275A7A50C4D9 /* [CP] Check Pods Manifest.lock */ = {
			isa = PBXShellScriptBuildPhase;
			buildActionMask = 2147483647;
			files = (
			);
			inputFileListPaths = (
			);
			inputPaths = (
				"${PODS_PODFILE_DIR_PATH}/Podfile.lock",
				"${PODS_ROOT}/Manifest.lock",
			);
			name = "[CP] Check Pods Manifest.lock";
			outputFileListPaths = (
			);
			outputPaths = (
				"$(DERIVED_FILE_DIR)/Pods-MVVM+CleanArchitecture-MVVM+CleanArchitectureUITests-checkManifestLockResult.txt",
			);
			runOnlyForDeploymentPostprocessing = 0;
			shellPath = /bin/sh;
			shellScript = "diff \"${PODS_PODFILE_DIR_PATH}/Podfile.lock\" \"${PODS_ROOT}/Manifest.lock\" > /dev/null\nif [ $? != 0 ] ; then\n    # print error to STDERR\n    echo \"error: The sandbox is not in sync with the Podfile.lock. Run 'pod install' or update your CocoaPods installation.\" >&2\n    exit 1\nfi\n# This output is used by Xcode 'outputs' to avoid re-running this script phase.\necho \"SUCCESS\" > \"${SCRIPT_OUTPUT_FILE_0}\"\n";
			showEnvVarsInLog = 0;
		};
		F1108FB573D01C9B475E57EA /* [CP] Embed Pods Frameworks */ = {
			isa = PBXShellScriptBuildPhase;
			buildActionMask = 2147483647;
			files = (
			);
			inputFileListPaths = (
				"${PODS_ROOT}/Target Support Files/Pods-MVVM+CleanArchitecture-MVVM+CleanArchitectureUITests/Pods-MVVM+CleanArchitecture-MVVM+CleanArchitectureUITests-frameworks-${CONFIGURATION}-input-files.xcfilelist",
			);
			name = "[CP] Embed Pods Frameworks";
			outputFileListPaths = (
				"${PODS_ROOT}/Target Support Files/Pods-MVVM+CleanArchitecture-MVVM+CleanArchitectureUITests/Pods-MVVM+CleanArchitecture-MVVM+CleanArchitectureUITests-frameworks-${CONFIGURATION}-output-files.xcfilelist",
			);
			runOnlyForDeploymentPostprocessing = 0;
			shellPath = /bin/sh;
			shellScript = "\"${PODS_ROOT}/Target Support Files/Pods-MVVM+CleanArchitecture-MVVM+CleanArchitectureUITests/Pods-MVVM+CleanArchitecture-MVVM+CleanArchitectureUITests-frameworks.sh\"\n";
			showEnvVarsInLog = 0;
		};
/* End PBXShellScriptBuildPhase section */

/* Begin PBXSourcesBuildPhase section */
		1D993FB22D2C28EF00074D18 /* Sources */ = {
			isa = PBXSourcesBuildPhase;
			buildActionMask = 2147483647;
			files = (
				1D993FF62D2C345000074D18 /* UserRepositoryProtocol.swift in Sources */,
				1D993FBE2D2C28EF00074D18 /* UserListViewController.swift in Sources */,
				1D993FFE2D2D673A00074D18 /* NetworkManager.swift in Sources */,
				1D993FF32D2C315200074D18 /* UserListUsecase.swift in Sources */,
				1D9940142D2E369700074D18 /* UserListViewModel.swift in Sources */,
				1D993FBA2D2C28EF00074D18 /* AppDelegate.swift in Sources */,
				1D993FBC2D2C28EF00074D18 /* SceneDelegate.swift in Sources */,
				1D9940052D2D759200074D18 /* MVVM+CleanArchitecture.xcdatamodeld in Sources */,
				1D9940022D2D735200074D18 /* UserNetwork.swift in Sources */,
				1D993FED2D2C2CA600074D18 /* UserListItem.swift in Sources */,
				1D993FFC2D2CC21600074D18 /* UserSession.swift in Sources */,
				1D9940092D2D886F00074D18 /* UserRepository.swift in Sources */,
				1D993FEF2D2C2E2C00074D18 /* NetworkError.swift in Sources */,
				1D9940072D2D782700074D18 /* UserCoreData.swift in Sources */,
				1D993FF12D2C2FB400074D18 /* CoreDataError.swift in Sources */,
			);
			runOnlyForDeploymentPostprocessing = 0;
		};
		1D993FC82D2C28F000074D18 /* Sources */ = {
			isa = PBXSourcesBuildPhase;
			buildActionMask = 2147483647;
			files = (
				1D9940102D2E228000074D18 /* MockUserRepository.swift in Sources */,
				1D99400B2D2E1CE100074D18 /* UserUsecaseTests.swift in Sources */,
				1D993FD12D2C28F000074D18 /* MVVM_CleanArchitectureTests.swift in Sources */,
			);
			runOnlyForDeploymentPostprocessing = 0;
		};
		1D993FD22D2C28F000074D18 /* Sources */ = {
			isa = PBXSourcesBuildPhase;
			buildActionMask = 2147483647;
			files = (
				1D993FDB2D2C28F000074D18 /* MVVM_CleanArchitectureUITests.swift in Sources */,
				1D993FDD2D2C28F000074D18 /* MVVM_CleanArchitectureUITestsLaunchTests.swift in Sources */,
			);
			runOnlyForDeploymentPostprocessing = 0;
		};
/* End PBXSourcesBuildPhase section */

/* Begin PBXTargetDependency section */
		1D993FCE2D2C28F000074D18 /* PBXTargetDependency */ = {
			isa = PBXTargetDependency;
			target = 1D993FB52D2C28EF00074D18 /* MVVM+CleanArchitecture */;
			targetProxy = 1D993FCD2D2C28F000074D18 /* PBXContainerItemProxy */;
		};
		1D993FD82D2C28F000074D18 /* PBXTargetDependency */ = {
			isa = PBXTargetDependency;
			target = 1D993FB52D2C28EF00074D18 /* MVVM+CleanArchitecture */;
			targetProxy = 1D993FD72D2C28F000074D18 /* PBXContainerItemProxy */;
		};
/* End PBXTargetDependency section */

/* Begin XCBuildConfiguration section */
		1D993FDE2D2C28F000074D18 /* Debug */ = {
			isa = XCBuildConfiguration;
			buildSettings = {
				ALWAYS_SEARCH_USER_PATHS = NO;
				ASSETCATALOG_COMPILER_GENERATE_SWIFT_ASSET_SYMBOL_EXTENSIONS = YES;
				CLANG_ANALYZER_NONNULL = YES;
				CLANG_ANALYZER_NUMBER_OBJECT_CONVERSION = YES_AGGRESSIVE;
				CLANG_CXX_LANGUAGE_STANDARD = "gnu++20";
				CLANG_ENABLE_MODULES = YES;
				CLANG_ENABLE_OBJC_ARC = YES;
				CLANG_ENABLE_OBJC_WEAK = YES;
				CLANG_WARN_BLOCK_CAPTURE_AUTORELEASING = YES;
				CLANG_WARN_BOOL_CONVERSION = YES;
				CLANG_WARN_COMMA = YES;
				CLANG_WARN_CONSTANT_CONVERSION = YES;
				CLANG_WARN_DEPRECATED_OBJC_IMPLEMENTATIONS = YES;
				CLANG_WARN_DIRECT_OBJC_ISA_USAGE = YES_ERROR;
				CLANG_WARN_DOCUMENTATION_COMMENTS = YES;
				CLANG_WARN_EMPTY_BODY = YES;
				CLANG_WARN_ENUM_CONVERSION = YES;
				CLANG_WARN_INFINITE_RECURSION = YES;
				CLANG_WARN_INT_CONVERSION = YES;
				CLANG_WARN_NON_LITERAL_NULL_CONVERSION = YES;
				CLANG_WARN_OBJC_IMPLICIT_RETAIN_SELF = YES;
				CLANG_WARN_OBJC_LITERAL_CONVERSION = YES;
				CLANG_WARN_OBJC_ROOT_CLASS = YES_ERROR;
				CLANG_WARN_QUOTED_INCLUDE_IN_FRAMEWORK_HEADER = YES;
				CLANG_WARN_RANGE_LOOP_ANALYSIS = YES;
				CLANG_WARN_STRICT_PROTOTYPES = YES;
				CLANG_WARN_SUSPICIOUS_MOVE = YES;
				CLANG_WARN_UNGUARDED_AVAILABILITY = YES_AGGRESSIVE;
				CLANG_WARN_UNREACHABLE_CODE = YES;
				CLANG_WARN__DUPLICATE_METHOD_MATCH = YES;
				COPY_PHASE_STRIP = NO;
				DEBUG_INFORMATION_FORMAT = dwarf;
				ENABLE_STRICT_OBJC_MSGSEND = YES;
				ENABLE_TESTABILITY = YES;
				ENABLE_USER_SCRIPT_SANDBOXING = YES;
				GCC_C_LANGUAGE_STANDARD = gnu17;
				GCC_DYNAMIC_NO_PIC = NO;
				GCC_NO_COMMON_BLOCKS = YES;
				GCC_OPTIMIZATION_LEVEL = 0;
				GCC_PREPROCESSOR_DEFINITIONS = (
					"DEBUG=1",
					"$(inherited)",
				);
				GCC_WARN_64_TO_32_BIT_CONVERSION = YES;
				GCC_WARN_ABOUT_RETURN_TYPE = YES_ERROR;
				GCC_WARN_UNDECLARED_SELECTOR = YES;
				GCC_WARN_UNINITIALIZED_AUTOS = YES_AGGRESSIVE;
				GCC_WARN_UNUSED_FUNCTION = YES;
				GCC_WARN_UNUSED_VARIABLE = YES;
				IPHONEOS_DEPLOYMENT_TARGET = 17.5;
				LOCALIZATION_PREFERS_STRING_CATALOGS = YES;
				MTL_ENABLE_DEBUG_INFO = INCLUDE_SOURCE;
				MTL_FAST_MATH = YES;
				ONLY_ACTIVE_ARCH = YES;
				SDKROOT = iphoneos;
				SWIFT_ACTIVE_COMPILATION_CONDITIONS = "DEBUG $(inherited)";
				SWIFT_OPTIMIZATION_LEVEL = "-Onone";
			};
			name = Debug;
		};
		1D993FDF2D2C28F000074D18 /* Release */ = {
			isa = XCBuildConfiguration;
			buildSettings = {
				ALWAYS_SEARCH_USER_PATHS = NO;
				ASSETCATALOG_COMPILER_GENERATE_SWIFT_ASSET_SYMBOL_EXTENSIONS = YES;
				CLANG_ANALYZER_NONNULL = YES;
				CLANG_ANALYZER_NUMBER_OBJECT_CONVERSION = YES_AGGRESSIVE;
				CLANG_CXX_LANGUAGE_STANDARD = "gnu++20";
				CLANG_ENABLE_MODULES = YES;
				CLANG_ENABLE_OBJC_ARC = YES;
				CLANG_ENABLE_OBJC_WEAK = YES;
				CLANG_WARN_BLOCK_CAPTURE_AUTORELEASING = YES;
				CLANG_WARN_BOOL_CONVERSION = YES;
				CLANG_WARN_COMMA = YES;
				CLANG_WARN_CONSTANT_CONVERSION = YES;
				CLANG_WARN_DEPRECATED_OBJC_IMPLEMENTATIONS = YES;
				CLANG_WARN_DIRECT_OBJC_ISA_USAGE = YES_ERROR;
				CLANG_WARN_DOCUMENTATION_COMMENTS = YES;
				CLANG_WARN_EMPTY_BODY = YES;
				CLANG_WARN_ENUM_CONVERSION = YES;
				CLANG_WARN_INFINITE_RECURSION = YES;
				CLANG_WARN_INT_CONVERSION = YES;
				CLANG_WARN_NON_LITERAL_NULL_CONVERSION = YES;
				CLANG_WARN_OBJC_IMPLICIT_RETAIN_SELF = YES;
				CLANG_WARN_OBJC_LITERAL_CONVERSION = YES;
				CLANG_WARN_OBJC_ROOT_CLASS = YES_ERROR;
				CLANG_WARN_QUOTED_INCLUDE_IN_FRAMEWORK_HEADER = YES;
				CLANG_WARN_RANGE_LOOP_ANALYSIS = YES;
				CLANG_WARN_STRICT_PROTOTYPES = YES;
				CLANG_WARN_SUSPICIOUS_MOVE = YES;
				CLANG_WARN_UNGUARDED_AVAILABILITY = YES_AGGRESSIVE;
				CLANG_WARN_UNREACHABLE_CODE = YES;
				CLANG_WARN__DUPLICATE_METHOD_MATCH = YES;
				COPY_PHASE_STRIP = NO;
				DEBUG_INFORMATION_FORMAT = "dwarf-with-dsym";
				ENABLE_NS_ASSERTIONS = NO;
				ENABLE_STRICT_OBJC_MSGSEND = YES;
				ENABLE_USER_SCRIPT_SANDBOXING = YES;
				GCC_C_LANGUAGE_STANDARD = gnu17;
				GCC_NO_COMMON_BLOCKS = YES;
				GCC_WARN_64_TO_32_BIT_CONVERSION = YES;
				GCC_WARN_ABOUT_RETURN_TYPE = YES_ERROR;
				GCC_WARN_UNDECLARED_SELECTOR = YES;
				GCC_WARN_UNINITIALIZED_AUTOS = YES_AGGRESSIVE;
				GCC_WARN_UNUSED_FUNCTION = YES;
				GCC_WARN_UNUSED_VARIABLE = YES;
				IPHONEOS_DEPLOYMENT_TARGET = 17.5;
				LOCALIZATION_PREFERS_STRING_CATALOGS = YES;
				MTL_ENABLE_DEBUG_INFO = NO;
				MTL_FAST_MATH = YES;
				SDKROOT = iphoneos;
				SWIFT_COMPILATION_MODE = wholemodule;
				VALIDATE_PRODUCT = YES;
			};
			name = Release;
		};
		1D993FE12D2C28F000074D18 /* Debug */ = {
			isa = XCBuildConfiguration;
			baseConfigurationReference = 7498BF663124C9DD27379973 /* Pods-MVVM+CleanArchitecture.debug.xcconfig */;
			buildSettings = {
				ASSETCATALOG_COMPILER_APPICON_NAME = AppIcon;
				ASSETCATALOG_COMPILER_GLOBAL_ACCENT_COLOR_NAME = AccentColor;
				CODE_SIGN_STYLE = Automatic;
				CURRENT_PROJECT_VERSION = 1;
				DEVELOPMENT_TEAM = 7HTRP53WA3;
				ENABLE_USER_SCRIPT_SANDBOXING = NO;
				GENERATE_INFOPLIST_FILE = YES;
				INFOPLIST_FILE = "MVVM+CleanArchitecture/Info.plist";
				INFOPLIST_KEY_UIApplicationSupportsIndirectInputEvents = YES;
				INFOPLIST_KEY_UILaunchStoryboardName = LaunchScreen;
				INFOPLIST_KEY_UISupportedInterfaceOrientations_iPad = "UIInterfaceOrientationPortrait UIInterfaceOrientationPortraitUpsideDown UIInterfaceOrientationLandscapeLeft UIInterfaceOrientationLandscapeRight";
				INFOPLIST_KEY_UISupportedInterfaceOrientations_iPhone = "UIInterfaceOrientationPortrait UIInterfaceOrientationLandscapeLeft UIInterfaceOrientationLandscapeRight";
				LD_RUNPATH_SEARCH_PATHS = (
					"$(inherited)",
					"@executable_path/Frameworks",
				);
				MARKETING_VERSION = 1.0;
				PRODUCT_BUNDLE_IDENTIFIER = "com.Jhong.MVVM-CleanArchitecture";
				PRODUCT_NAME = "$(TARGET_NAME)";
				SWIFT_EMIT_LOC_STRINGS = YES;
				SWIFT_VERSION = 5.0;
				TARGETED_DEVICE_FAMILY = "1,2";
			};
			name = Debug;
		};
		1D993FE22D2C28F000074D18 /* Release */ = {
			isa = XCBuildConfiguration;
			baseConfigurationReference = B5F6AD38E86633C6E6077197 /* Pods-MVVM+CleanArchitecture.release.xcconfig */;
			buildSettings = {
				ASSETCATALOG_COMPILER_APPICON_NAME = AppIcon;
				ASSETCATALOG_COMPILER_GLOBAL_ACCENT_COLOR_NAME = AccentColor;
				CODE_SIGN_STYLE = Automatic;
				CURRENT_PROJECT_VERSION = 1;
				DEVELOPMENT_TEAM = 7HTRP53WA3;
				ENABLE_USER_SCRIPT_SANDBOXING = NO;
				GENERATE_INFOPLIST_FILE = YES;
				INFOPLIST_FILE = "MVVM+CleanArchitecture/Info.plist";
				INFOPLIST_KEY_UIApplicationSupportsIndirectInputEvents = YES;
				INFOPLIST_KEY_UILaunchStoryboardName = LaunchScreen;
				INFOPLIST_KEY_UISupportedInterfaceOrientations_iPad = "UIInterfaceOrientationPortrait UIInterfaceOrientationPortraitUpsideDown UIInterfaceOrientationLandscapeLeft UIInterfaceOrientationLandscapeRight";
				INFOPLIST_KEY_UISupportedInterfaceOrientations_iPhone = "UIInterfaceOrientationPortrait UIInterfaceOrientationLandscapeLeft UIInterfaceOrientationLandscapeRight";
				LD_RUNPATH_SEARCH_PATHS = (
					"$(inherited)",
					"@executable_path/Frameworks",
				);
				MARKETING_VERSION = 1.0;
				PRODUCT_BUNDLE_IDENTIFIER = "com.Jhong.MVVM-CleanArchitecture";
				PRODUCT_NAME = "$(TARGET_NAME)";
				SWIFT_EMIT_LOC_STRINGS = YES;
				SWIFT_VERSION = 5.0;
				TARGETED_DEVICE_FAMILY = "1,2";
			};
			name = Release;
		};
		1D993FE42D2C28F000074D18 /* Debug */ = {
			isa = XCBuildConfiguration;
			baseConfigurationReference = E1182B9B52D6D891BB781C34 /* Pods-MVVM+CleanArchitectureTests.debug.xcconfig */;
			buildSettings = {
				ALWAYS_EMBED_SWIFT_STANDARD_LIBRARIES = YES;
				BUNDLE_LOADER = "$(TEST_HOST)";
				CODE_SIGN_STYLE = Automatic;
				CURRENT_PROJECT_VERSION = 1;
				DEVELOPMENT_TEAM = 7HTRP53WA3;
				GENERATE_INFOPLIST_FILE = YES;
				IPHONEOS_DEPLOYMENT_TARGET = 17.5;
				MARKETING_VERSION = 1.0;
				PRODUCT_BUNDLE_IDENTIFIER = "com.Jhong.MVVM-CleanArchitectureTests";
				PRODUCT_NAME = "$(TARGET_NAME)";
				SWIFT_EMIT_LOC_STRINGS = NO;
				SWIFT_VERSION = 5.0;
				TARGETED_DEVICE_FAMILY = "1,2";
				TEST_HOST = "$(BUILT_PRODUCTS_DIR)/MVVM+CleanArchitecture.app/$(BUNDLE_EXECUTABLE_FOLDER_PATH)/MVVM+CleanArchitecture";
			};
			name = Debug;
		};
		1D993FE52D2C28F000074D18 /* Release */ = {
			isa = XCBuildConfiguration;
			baseConfigurationReference = 0717BEE962EAFEC4F4460FEF /* Pods-MVVM+CleanArchitectureTests.release.xcconfig */;
			buildSettings = {
				ALWAYS_EMBED_SWIFT_STANDARD_LIBRARIES = YES;
				BUNDLE_LOADER = "$(TEST_HOST)";
				CODE_SIGN_STYLE = Automatic;
				CURRENT_PROJECT_VERSION = 1;
				DEVELOPMENT_TEAM = 7HTRP53WA3;
				GENERATE_INFOPLIST_FILE = YES;
				IPHONEOS_DEPLOYMENT_TARGET = 17.5;
				MARKETING_VERSION = 1.0;
				PRODUCT_BUNDLE_IDENTIFIER = "com.Jhong.MVVM-CleanArchitectureTests";
				PRODUCT_NAME = "$(TARGET_NAME)";
				SWIFT_EMIT_LOC_STRINGS = NO;
				SWIFT_VERSION = 5.0;
				TARGETED_DEVICE_FAMILY = "1,2";
				TEST_HOST = "$(BUILT_PRODUCTS_DIR)/MVVM+CleanArchitecture.app/$(BUNDLE_EXECUTABLE_FOLDER_PATH)/MVVM+CleanArchitecture";
			};
			name = Release;
		};
		1D993FE72D2C28F000074D18 /* Debug */ = {
			isa = XCBuildConfiguration;
			baseConfigurationReference = 5253F409B6D17DF9AEB7B889 /* Pods-MVVM+CleanArchitecture-MVVM+CleanArchitectureUITests.debug.xcconfig */;
			buildSettings = {
				ALWAYS_EMBED_SWIFT_STANDARD_LIBRARIES = YES;
				CODE_SIGN_STYLE = Automatic;
				CURRENT_PROJECT_VERSION = 1;
				DEVELOPMENT_TEAM = 7HTRP53WA3;
				GENERATE_INFOPLIST_FILE = YES;
				MARKETING_VERSION = 1.0;
				PRODUCT_BUNDLE_IDENTIFIER = "com.Jhong.MVVM-CleanArchitectureUITests";
				PRODUCT_NAME = "$(TARGET_NAME)";
				SWIFT_EMIT_LOC_STRINGS = NO;
				SWIFT_VERSION = 5.0;
				TARGETED_DEVICE_FAMILY = "1,2";
				TEST_TARGET_NAME = "MVVM+CleanArchitecture";
			};
			name = Debug;
		};
		1D993FE82D2C28F000074D18 /* Release */ = {
			isa = XCBuildConfiguration;
			baseConfigurationReference = D83B056D36B29410AC72A12D /* Pods-MVVM+CleanArchitecture-MVVM+CleanArchitectureUITests.release.xcconfig */;
			buildSettings = {
				ALWAYS_EMBED_SWIFT_STANDARD_LIBRARIES = YES;
				CODE_SIGN_STYLE = Automatic;
				CURRENT_PROJECT_VERSION = 1;
				DEVELOPMENT_TEAM = 7HTRP53WA3;
				GENERATE_INFOPLIST_FILE = YES;
				MARKETING_VERSION = 1.0;
				PRODUCT_BUNDLE_IDENTIFIER = "com.Jhong.MVVM-CleanArchitectureUITests";
				PRODUCT_NAME = "$(TARGET_NAME)";
				SWIFT_EMIT_LOC_STRINGS = NO;
				SWIFT_VERSION = 5.0;
				TARGETED_DEVICE_FAMILY = "1,2";
				TEST_TARGET_NAME = "MVVM+CleanArchitecture";
			};
			name = Release;
		};
/* End XCBuildConfiguration section */

/* Begin XCConfigurationList section */
		1D993FB12D2C28EF00074D18 /* Build configuration list for PBXProject "MVVM+CleanArchitecture" */ = {
			isa = XCConfigurationList;
			buildConfigurations = (
				1D993FDE2D2C28F000074D18 /* Debug */,
				1D993FDF2D2C28F000074D18 /* Release */,
			);
			defaultConfigurationIsVisible = 0;
			defaultConfigurationName = Release;
		};
		1D993FE02D2C28F000074D18 /* Build configuration list for PBXNativeTarget "MVVM+CleanArchitecture" */ = {
			isa = XCConfigurationList;
			buildConfigurations = (
				1D993FE12D2C28F000074D18 /* Debug */,
				1D993FE22D2C28F000074D18 /* Release */,
			);
			defaultConfigurationIsVisible = 0;
			defaultConfigurationName = Release;
		};
		1D993FE32D2C28F000074D18 /* Build configuration list for PBXNativeTarget "MVVM+CleanArchitectureTests" */ = {
			isa = XCConfigurationList;
			buildConfigurations = (
				1D993FE42D2C28F000074D18 /* Debug */,
				1D993FE52D2C28F000074D18 /* Release */,
			);
			defaultConfigurationIsVisible = 0;
			defaultConfigurationName = Release;
		};
		1D993FE62D2C28F000074D18 /* Build configuration list for PBXNativeTarget "MVVM+CleanArchitectureUITests" */ = {
			isa = XCConfigurationList;
			buildConfigurations = (
				1D993FE72D2C28F000074D18 /* Debug */,
				1D993FE82D2C28F000074D18 /* Release */,
			);
			defaultConfigurationIsVisible = 0;
			defaultConfigurationName = Release;
		};
/* End XCConfigurationList section */

/* Begin XCVersionGroup section */
		1D9940032D2D759200074D18 /* MVVM+CleanArchitecture.xcdatamodeld */ = {
			isa = XCVersionGroup;
			children = (
				1D9940042D2D759200074D18 /* MVVM+CleanArchitecture.xcdatamodel */,
			);
			currentVersion = 1D9940042D2D759200074D18 /* MVVM+CleanArchitecture.xcdatamodel */;
			name = "MVVM+CleanArchitecture.xcdatamodeld";
			path = "/Users/yujaehong/Desktop/github/CleanArchitecture/MVVM+CleanArchitecture.xcdatamodeld";
			sourceTree = "<group>";
			versionGroupType = wrapper.xcdatamodel;
		};
/* End XCVersionGroup section */
	};
	rootObject = 1D993FAE2D2C28EF00074D18 /* Project object */;
}
