// !$*UTF8*$!
{
	archiveVersion = 1;
	classes = {
	};
	objectVersion = 56;
	objects = {

/* Begin PBXBuildFile section */
		1D993FBA2D2C28EF00074D18 /* AppDelegate.swift in Sources */ = {isa = PBXBuildFile; fileRef = 1D993FB92D2C28EF00074D18 /* AppDelegate.swift */; };
		1D993FBC2D2C28EF00074D18 /* SceneDelegate.swift in Sources */ = {isa = PBXBuildFile; fileRef = 1D993FBB2D2C28EF00074D18 /* SceneDelegate.swift */; };
		1D993FBE2D2C28EF00074D18 /* ViewController.swift in Sources */ = {isa = PBXBuildFile; fileRef = 1D993FBD2D2C28EF00074D18 /* ViewController.swift */; };
		1D993FC12D2C28EF00074D18 /* Base in Resources */ = {isa = PBXBuildFile; fileRef = 1D993FC02D2C28EF00074D18 /* Base */; };
		1D993FC32D2C28F000074D18 /* Assets.xcassets in Resources */ = {isa = PBXBuildFile; fileRef = 1D993FC22D2C28F000074D18 /* Assets.xcassets */; };
		1D993FC62D2C28F000074D18 /* Base in Resources */ = {isa = PBXBuildFile; fileRef = 1D993FC52D2C28F000074D18 /* Base */; };
		1D993FD12D2C28F000074D18 /* MVVM_CleanArchitectureTests.swift in Sources */ = {isa = PBXBuildFile; fileRef = 1D993FD02D2C28F000074D18 /* MVVM_CleanArchitectureTests.swift */; };
		1D993FDB2D2C28F000074D18 /* MVVM_CleanArchitectureUITests.swift in Sources */ = {isa = PBXBuildFile; fileRef = 1D993FDA2D2C28F000074D18 /* MVVM_CleanArchitectureUITests.swift */; };
		1D993FDD2D2C28F000074D18 /* MVVM_CleanArchitectureUITestsLaunchTests.swift in Sources */ = {isa = PBXBuildFile; fileRef = 1D993FDC2D2C28F000074D18 /* MVVM_CleanArchitectureUITestsLaunchTests.swift */; };
		1D993FED2D2C2CA600074D18 /* UserListItem.swift in Sources */ = {isa = PBXBuildFile; fileRef = 1D993FEC2D2C2CA600074D18 /* UserListItem.swift */; };
		1D993FEF2D2C2E2C00074D18 /* NetworkError.swift in Sources */ = {isa = PBXBuildFile; fileRef = 1D993FEE2D2C2E2C00074D18 /* NetworkError.swift */; };
		1D993FF12D2C2FB400074D18 /* CoreDataError.swift in Sources */ = {isa = PBXBuildFile; fileRef = 1D993FF02D2C2FB400074D18 /* CoreDataError.swift */; };
		1D993FF32D2C315200074D18 /* UserListUsecase.swift in Sources */ = {isa = PBXBuildFile; fileRef = 1D993FF22D2C315200074D18 /* UserListUsecase.swift */; };
		1D993FF62D2C345000074D18 /* UserRepositoryProtocol.swift in Sources */ = {isa = PBXBuildFile; fileRef = 1D993FF52D2C345000074D18 /* UserRepositoryProtocol.swift */; };
/* End PBXBuildFile section */

/* Begin PBXContainerItemProxy section */
		1D993FCD2D2C28F000074D18 /* PBXContainerItemProxy */ = {
			isa = PBXContainerItemProxy;
			containerPortal = 1D993FAE2D2C28EF00074D18 /* Project object */;
			proxyType = 1;
			remoteGlobalIDString = 1D993FB52D2C28EF00074D18;
			remoteInfo = "MVVM+CleanArchitecture";
		};
		1D993FD72D2C28F000074D18 /* PBXContainerItemProxy */ = {
			isa = PBXContainerItemProxy;
			containerPortal = 1D993FAE2D2C28EF00074D18 /* Project object */;
			proxyType = 1;
			remoteGlobalIDString = 1D993FB52D2C28EF00074D18;
			remoteInfo = "MVVM+CleanArchitecture";
		};
/* End PBXContainerItemProxy section */

/* Begin PBXFileReference section */
		1D993FB62D2C28EF00074D18 /* MVVM+CleanArchitecture.app */ = {isa = PBXFileReference; explicitFileType = wrapper.application; includeInIndex = 0; path = "MVVM+CleanArchitecture.app"; sourceTree = BUILT_PRODUCTS_DIR; };
		1D993FB92D2C28EF00074D18 /* AppDelegate.swift */ = {isa = PBXFileReference; lastKnownFileType = sourcecode.swift; path = AppDelegate.swift; sourceTree = "<group>"; };
		1D993FBB2D2C28EF00074D18 /* SceneDelegate.swift */ = {isa = PBXFileReference; lastKnownFileType = sourcecode.swift; path = SceneDelegate.swift; sourceTree = "<group>"; };
		1D993FBD2D2C28EF00074D18 /* ViewController.swift */ = {isa = PBXFileReference; lastKnownFileType = sourcecode.swift; path = ViewController.swift; sourceTree = "<group>"; };
		1D993FC02D2C28EF00074D18 /* Base */ = {isa = PBXFileReference; lastKnownFileType = file.storyboard; name = Base; path = Base.lproj/Main.storyboard; sourceTree = "<group>"; };
		1D993FC22D2C28F000074D18 /* Assets.xcassets */ = {isa = PBXFileReference; lastKnownFileType = folder.assetcatalog; path = Assets.xcassets; sourceTree = "<group>"; };
		1D993FC52D2C28F000074D18 /* Base */ = {isa = PBXFileReference; lastKnownFileType = file.storyboard; name = Base; path = Base.lproj/LaunchScreen.storyboard; sourceTree = "<group>"; };
		1D993FC72D2C28F000074D18 /* Info.plist */ = {isa = PBXFileReference; lastKnownFileType = text.plist.xml; path = Info.plist; sourceTree = "<group>"; };
		1D993FCC2D2C28F000074D18 /* MVVM+CleanArchitectureTests.xctest */ = {isa = PBXFileReference; explicitFileType = wrapper.cfbundle; includeInIndex = 0; path = "MVVM+CleanArchitectureTests.xctest"; sourceTree = BUILT_PRODUCTS_DIR; };
		1D993FD02D2C28F000074D18 /* MVVM_CleanArchitectureTests.swift */ = {isa = PBXFileReference; lastKnownFileType = sourcecode.swift; path = MVVM_CleanArchitectureTests.swift; sourceTree = "<group>"; };
		1D993FD62D2C28F000074D18 /* MVVM+CleanArchitectureUITests.xctest */ = {isa = PBXFileReference; explicitFileType = wrapper.cfbundle; includeInIndex = 0; path = "MVVM+CleanArchitectureUITests.xctest"; sourceTree = BUILT_PRODUCTS_DIR; };
		1D993FDA2D2C28F000074D18 /* MVVM_CleanArchitectureUITests.swift */ = {isa = PBXFileReference; lastKnownFileType = sourcecode.swift; path = MVVM_CleanArchitectureUITests.swift; sourceTree = "<group>"; };
		1D993FDC2D2C28F000074D18 /* MVVM_CleanArchitectureUITestsLaunchTests.swift */ = {isa = PBXFileReference; lastKnownFileType = sourcecode.swift; path = MVVM_CleanArchitectureUITestsLaunchTests.swift; sourceTree = "<group>"; };
		1D993FEC2D2C2CA600074D18 /* UserListItem.swift */ = {isa = PBXFileReference; lastKnownFileType = sourcecode.swift; path = UserListItem.swift; sourceTree = "<group>"; };
		1D993FEE2D2C2E2C00074D18 /* NetworkError.swift */ = {isa = PBXFileReference; lastKnownFileType = sourcecode.swift; path = NetworkError.swift; sourceTree = "<group>"; };
		1D993FF02D2C2FB400074D18 /* CoreDataError.swift */ = {isa = PBXFileReference; lastKnownFileType = sourcecode.swift; path = CoreDataError.swift; sourceTree = "<group>"; };
		1D993FF22D2C315200074D18 /* UserListUsecase.swift */ = {isa = PBXFileReference; lastKnownFileType = sourcecode.swift; path = UserListUsecase.swift; sourceTree = "<group>"; };
		1D993FF52D2C345000074D18 /* UserRepositoryProtocol.swift */ = {isa = PBXFileReference; lastKnownFileType = sourcecode.swift; path = UserRepositoryProtocol.swift; sourceTree = "<group>"; };
/* End PBXFileReference section */

/* Begin PBXFrameworksBuildPhase section */
		1D993FB32D2C28EF00074D18 /* Frameworks */ = {
			isa = PBXFrameworksBuildPhase;
			buildActionMask = 2147483647;
			files = (
			);
			runOnlyForDeploymentPostprocessing = 0;
		};
		1D993FC92D2C28F000074D18 /* Frameworks */ = {
			isa = PBXFrameworksBuildPhase;
			buildActionMask = 2147483647;
			files = (
			);
			runOnlyForDeploymentPostprocessing = 0;
		};
		1D993FD32D2C28F000074D18 /* Frameworks */ = {
			isa = PBXFrameworksBuildPhase;
			buildActionMask = 2147483647;
			files = (
			);
			runOnlyForDeploymentPostprocessing = 0;
		};
/* End PBXFrameworksBuildPhase section */

/* Begin PBXGroup section */
		1D993FAD2D2C28EF00074D18 = {
			isa = PBXGroup;
			children = (
				1D993FB82D2C28EF00074D18 /* MVVM+CleanArchitecture */,
				1D993FCF2D2C28F000074D18 /* MVVM+CleanArchitectureTests */,
				1D993FD92D2C28F000074D18 /* MVVM+CleanArchitectureUITests */,
				1D993FB72D2C28EF00074D18 /* Products */,
			);
			sourceTree = "<group>";
		};
		1D993FB72D2C28EF00074D18 /* Products */ = {
			isa = PBXGroup;
			children = (
				1D993FB62D2C28EF00074D18 /* MVVM+CleanArchitecture.app */,
				1D993FCC2D2C28F000074D18 /* MVVM+CleanArchitectureTests.xctest */,
				1D993FD62D2C28F000074D18 /* MVVM+CleanArchitectureUITests.xctest */,
			);
			name = Products;
			sourceTree = "<group>";
		};
		1D993FB82D2C28EF00074D18 /* MVVM+CleanArchitecture */ = {
			isa = PBXGroup;
			children = (
				1D993FB92D2C28EF00074D18 /* AppDelegate.swift */,
				1D993FBB2D2C28EF00074D18 /* SceneDelegate.swift */,
				1D993FBD2D2C28EF00074D18 /* ViewController.swift */,
				1D993FE92D2C2C7700074D18 /* Domain */,
				1D993FBF2D2C28EF00074D18 /* Main.storyboard */,
				1D993FC22D2C28F000074D18 /* Assets.xcassets */,
				1D993FC42D2C28F000074D18 /* LaunchScreen.storyboard */,
				1D993FC72D2C28F000074D18 /* Info.plist */,
			);
			path = "MVVM+CleanArchitecture";
			sourceTree = "<group>";
		};
		1D993FCF2D2C28F000074D18 /* MVVM+CleanArchitectureTests */ = {
			isa = PBXGroup;
			children = (
				1D993FD02D2C28F000074D18 /* MVVM_CleanArchitectureTests.swift */,
			);
			path = "MVVM+CleanArchitectureTests";
			sourceTree = "<group>";
		};
		1D993FD92D2C28F000074D18 /* MVVM+CleanArchitectureUITests */ = {
			isa = PBXGroup;
			children = (
				1D993FDA2D2C28F000074D18 /* MVVM_CleanArchitectureUITests.swift */,
				1D993FDC2D2C28F000074D18 /* MVVM_CleanArchitectureUITestsLaunchTests.swift */,
			);
			path = "MVVM+CleanArchitectureUITests";
			sourceTree = "<group>";
		};
		1D993FE92D2C2C7700074D18 /* Domain */ = {
			isa = PBXGroup;
			children = (
				1D993FF42D2C343B00074D18 /* RepositoryProtocol */,
				1D993FEB2D2C2C8500074D18 /* Usecase */,
				1D993FEA2D2C2C7C00074D18 /* Entity */,
			);
			path = Domain;
			sourceTree = "<group>";
		};
		1D993FEA2D2C2C7C00074D18 /* Entity */ = {
			isa = PBXGroup;
			children = (
				1D993FEC2D2C2CA600074D18 /* UserListItem.swift */,
				1D993FEE2D2C2E2C00074D18 /* NetworkError.swift */,
				1D993FF02D2C2FB400074D18 /* CoreDataError.swift */,
			);
			path = Entity;
			sourceTree = "<group>";
		};
		1D993FEB2D2C2C8500074D18 /* Usecase */ = {
			isa = PBXGroup;
			children = (
				1D993FF22D2C315200074D18 /* UserListUsecase.swift */,
			);
			path = Usecase;
			sourceTree = "<group>";
		};
		1D993FF42D2C343B00074D18 /* RepositoryProtocol */ = {
			isa = PBXGroup;
			children = (
				1D993FF52D2C345000074D18 /* UserRepositoryProtocol.swift */,
			);
			path = RepositoryProtocol;
			sourceTree = "<group>";
		};
/* End PBXGroup section */

/* Begin PBXNativeTarget section */
		1D993FB52D2C28EF00074D18 /* MVVM+CleanArchitecture */ = {
			isa = PBXNativeTarget;
			buildConfigurationList = 1D993FE02D2C28F000074D18 /* Build configuration list for PBXNativeTarget "MVVM+CleanArchitecture" */;
			buildPhases = (
				1D993FB22D2C28EF00074D18 /* Sources */,
				1D993FB32D2C28EF00074D18 /* Frameworks */,
				1D993FB42D2C28EF00074D18 /* Resources */,
			);
			buildRules = (
			);
			dependencies = (
			);
			name = "MVVM+CleanArchitecture";
			productName = "MVVM+CleanArchitecture";
			productReference = 1D993FB62D2C28EF00074D18 /* MVVM+CleanArchitecture.app */;
			productType = "com.apple.product-type.application";
		};
		1D993FCB2D2C28F000074D18 /* MVVM+CleanArchitectureTests */ = {
			isa = PBXNativeTarget;
			buildConfigurationList = 1D993FE32D2C28F000074D18 /* Build configuration list for PBXNativeTarget "MVVM+CleanArchitectureTests" */;
			buildPhases = (
				1D993FC82D2C28F000074D18 /* Sources */,
				1D993FC92D2C28F000074D18 /* Frameworks */,
				1D993FCA2D2C28F000074D18 /* Resources */,
			);
			buildRules = (
			);
			dependencies = (
				1D993FCE2D2C28F000074D18 /* PBXTargetDependency */,
			);
			name = "MVVM+CleanArchitectureTests";
			productName = "MVVM+CleanArchitectureTests";
			productReference = 1D993FCC2D2C28F000074D18 /* MVVM+CleanArchitectureTests.xctest */;
			productType = "com.apple.product-type.bundle.unit-test";
		};
		1D993FD52D2C28F000074D18 /* MVVM+CleanArchitectureUITests */ = {
			isa = PBXNativeTarget;
			buildConfigurationList = 1D993FE62D2C28F000074D18 /* Build configuration list for PBXNativeTarget "MVVM+CleanArchitectureUITests" */;
			buildPhases = (
				1D993FD22D2C28F000074D18 /* Sources */,
				1D993FD32D2C28F000074D18 /* Frameworks */,
				1D993FD42D2C28F000074D18 /* Resources */,
			);
			buildRules = (
			);
			dependencies = (
				1D993FD82D2C28F000074D18 /* PBXTargetDependency */,
			);
			name = "MVVM+CleanArchitectureUITests";
			productName = "MVVM+CleanArchitectureUITests";
			productReference = 1D993FD62D2C28F000074D18 /* MVVM+CleanArchitectureUITests.xctest */;
			productType = "com.apple.product-type.bundle.ui-testing";
		};
/* End PBXNativeTarget section */

/* Begin PBXProject section */
		1D993FAE2D2C28EF00074D18 /* Project object */ = {
			isa = PBXProject;
			attributes = {
				BuildIndependentTargetsInParallel = 1;
				LastSwiftUpdateCheck = 1540;
				LastUpgradeCheck = 1540;
				TargetAttributes = {
					1D993FB52D2C28EF00074D18 = {
						CreatedOnToolsVersion = 15.4;
					};
					1D993FCB2D2C28F000074D18 = {
						CreatedOnToolsVersion = 15.4;
						TestTargetID = 1D993FB52D2C28EF00074D18;
					};
					1D993FD52D2C28F000074D18 = {
						CreatedOnToolsVersion = 15.4;
						TestTargetID = 1D993FB52D2C28EF00074D18;
					};
				};
			};
			buildConfigurationList = 1D993FB12D2C28EF00074D18 /* Build configuration list for PBXProject "MVVM+CleanArchitecture" */;
			compatibilityVersion = "Xcode 14.0";
			developmentRegion = en;
			hasScannedForEncodings = 0;
			knownRegions = (
				en,
				Base,
			);
			mainGroup = 1D993FAD2D2C28EF00074D18;
			productRefGroup = 1D993FB72D2C28EF00074D18 /* Products */;
			projectDirPath = "";
			projectRoot = "";
			targets = (
				1D993FB52D2C28EF00074D18 /* MVVM+CleanArchitecture */,
				1D993FCB2D2C28F000074D18 /* MVVM+CleanArchitectureTests */,
				1D993FD52D2C28F000074D18 /* MVVM+CleanArchitectureUITests */,
			);
		};
/* End PBXProject section */

/* Begin PBXResourcesBuildPhase section */
		1D993FB42D2C28EF00074D18 /* Resources */ = {
			isa = PBXResourcesBuildPhase;
			buildActionMask = 2147483647;
			files = (
				1D993FC32D2C28F000074D18 /* Assets.xcassets in Resources */,
				1D993FC62D2C28F000074D18 /* Base in Resources */,
				1D993FC12D2C28EF00074D18 /* Base in Resources */,
			);
			runOnlyForDeploymentPostprocessing = 0;
		};
		1D993FCA2D2C28F000074D18 /* Resources */ = {
			isa = PBXResourcesBuildPhase;
			buildActionMask = 2147483647;
			files = (
			);
			runOnlyForDeploymentPostprocessing = 0;
		};
		1D993FD42D2C28F000074D18 /* Resources */ = {
			isa = PBXResourcesBuildPhase;
			buildActionMask = 2147483647;
			files = (
			);
			runOnlyForDeploymentPostprocessing = 0;
		};
/* End PBXResourcesBuildPhase section */

/* Begin PBXSourcesBuildPhase section */
		1D993FB22D2C28EF00074D18 /* Sources */ = {
			isa = PBXSourcesBuildPhase;
			buildActionMask = 2147483647;
			files = (
				1D993FF62D2C345000074D18 /* UserRepositoryProtocol.swift in Sources */,
				1D993FBE2D2C28EF00074D18 /* ViewController.swift in Sources */,
				1D993FF32D2C315200074D18 /* UserListUsecase.swift in Sources */,
				1D993FBA2D2C28EF00074D18 /* AppDelegate.swift in Sources */,
				1D993FBC2D2C28EF00074D18 /* SceneDelegate.swift in Sources */,
				1D993FED2D2C2CA600074D18 /* UserListItem.swift in Sources */,
				1D993FEF2D2C2E2C00074D18 /* NetworkError.swift in Sources */,
				1D993FF12D2C2FB400074D18 /* CoreDataError.swift in Sources */,
			);
			runOnlyForDeploymentPostprocessing = 0;
		};
		1D993FC82D2C28F000074D18 /* Sources */ = {
			isa = PBXSourcesBuildPhase;
			buildActionMask = 2147483647;
			files = (
				1D993FD12D2C28F000074D18 /* MVVM_CleanArchitectureTests.swift in Sources */,
			);
			runOnlyForDeploymentPostprocessing = 0;
		};
		1D993FD22D2C28F000074D18 /* Sources */ = {
			isa = PBXSourcesBuildPhase;
			buildActionMask = 2147483647;
			files = (
				1D993FDB2D2C28F000074D18 /* MVVM_CleanArchitectureUITests.swift in Sources */,
				1D993FDD2D2C28F000074D18 /* MVVM_CleanArchitectureUITestsLaunchTests.swift in Sources */,
			);
			runOnlyForDeploymentPostprocessing = 0;
		};
/* End PBXSourcesBuildPhase section */

/* Begin PBXTargetDependency section */
		1D993FCE2D2C28F000074D18 /* PBXTargetDependency */ = {
			isa = PBXTargetDependency;
			target = 1D993FB52D2C28EF00074D18 /* MVVM+CleanArchitecture */;
			targetProxy = 1D993FCD2D2C28F000074D18 /* PBXContainerItemProxy */;
		};
		1D993FD82D2C28F000074D18 /* PBXTargetDependency */ = {
			isa = PBXTargetDependency;
			target = 1D993FB52D2C28EF00074D18 /* MVVM+CleanArchitecture */;
			targetProxy = 1D993FD72D2C28F000074D18 /* PBXContainerItemProxy */;
		};
/* End PBXTargetDependency section */

/* Begin PBXVariantGroup section */
		1D993FBF2D2C28EF00074D18 /* Main.storyboard */ = {
			isa = PBXVariantGroup;
			children = (
				1D993FC02D2C28EF00074D18 /* Base */,
			);
			name = Main.storyboard;
			sourceTree = "<group>";
		};
		1D993FC42D2C28F000074D18 /* LaunchScreen.storyboard */ = {
			isa = PBXVariantGroup;
			children = (
				1D993FC52D2C28F000074D18 /* Base */,
			);
			name = LaunchScreen.storyboard;
			sourceTree = "<group>";
		};
/* End PBXVariantGroup section */

/* Begin XCBuildConfiguration section */
		1D993FDE2D2C28F000074D18 /* Debug */ = {
			isa = XCBuildConfiguration;
			buildSettings = {
				ALWAYS_SEARCH_USER_PATHS = NO;
				ASSETCATALOG_COMPILER_GENERATE_SWIFT_ASSET_SYMBOL_EXTENSIONS = YES;
				CLANG_ANALYZER_NONNULL = YES;
				CLANG_ANALYZER_NUMBER_OBJECT_CONVERSION = YES_AGGRESSIVE;
				CLANG_CXX_LANGUAGE_STANDARD = "gnu++20";
				CLANG_ENABLE_MODULES = YES;
				CLANG_ENABLE_OBJC_ARC = YES;
				CLANG_ENABLE_OBJC_WEAK = YES;
				CLANG_WARN_BLOCK_CAPTURE_AUTORELEASING = YES;
				CLANG_WARN_BOOL_CONVERSION = YES;
				CLANG_WARN_COMMA = YES;
				CLANG_WARN_CONSTANT_CONVERSION = YES;
				CLANG_WARN_DEPRECATED_OBJC_IMPLEMENTATIONS = YES;
				CLANG_WARN_DIRECT_OBJC_ISA_USAGE = YES_ERROR;
				CLANG_WARN_DOCUMENTATION_COMMENTS = YES;
				CLANG_WARN_EMPTY_BODY = YES;
				CLANG_WARN_ENUM_CONVERSION = YES;
				CLANG_WARN_INFINITE_RECURSION = YES;
				CLANG_WARN_INT_CONVERSION = YES;
				CLANG_WARN_NON_LITERAL_NULL_CONVERSION = YES;
				CLANG_WARN_OBJC_IMPLICIT_RETAIN_SELF = YES;
				CLANG_WARN_OBJC_LITERAL_CONVERSION = YES;
				CLANG_WARN_OBJC_ROOT_CLASS = YES_ERROR;
				CLANG_WARN_QUOTED_INCLUDE_IN_FRAMEWORK_HEADER = YES;
				CLANG_WARN_RANGE_LOOP_ANALYSIS = YES;
				CLANG_WARN_STRICT_PROTOTYPES = YES;
				CLANG_WARN_SUSPICIOUS_MOVE = YES;
				CLANG_WARN_UNGUARDED_AVAILABILITY = YES_AGGRESSIVE;
				CLANG_WARN_UNREACHABLE_CODE = YES;
				CLANG_WARN__DUPLICATE_METHOD_MATCH = YES;
				COPY_PHASE_STRIP = NO;
				DEBUG_INFORMATION_FORMAT = dwarf;
				ENABLE_STRICT_OBJC_MSGSEND = YES;
				ENABLE_TESTABILITY = YES;
				ENABLE_USER_SCRIPT_SANDBOXING = YES;
				GCC_C_LANGUAGE_STANDARD = gnu17;
				GCC_DYNAMIC_NO_PIC = NO;
				GCC_NO_COMMON_BLOCKS = YES;
				GCC_OPTIMIZATION_LEVEL = 0;
				GCC_PREPROCESSOR_DEFINITIONS = (
					"DEBUG=1",
					"$(inherited)",
				);
				GCC_WARN_64_TO_32_BIT_CONVERSION = YES;
				GCC_WARN_ABOUT_RETURN_TYPE = YES_ERROR;
				GCC_WARN_UNDECLARED_SELECTOR = YES;
				GCC_WARN_UNINITIALIZED_AUTOS = YES_AGGRESSIVE;
				GCC_WARN_UNUSED_FUNCTION = YES;
				GCC_WARN_UNUSED_VARIABLE = YES;
				IPHONEOS_DEPLOYMENT_TARGET = 17.5;
				LOCALIZATION_PREFERS_STRING_CATALOGS = YES;
				MTL_ENABLE_DEBUG_INFO = INCLUDE_SOURCE;
				MTL_FAST_MATH = YES;
				ONLY_ACTIVE_ARCH = YES;
				SDKROOT = iphoneos;
				SWIFT_ACTIVE_COMPILATION_CONDITIONS = "DEBUG $(inherited)";
				SWIFT_OPTIMIZATION_LEVEL = "-Onone";
			};
			name = Debug;
		};
		1D993FDF2D2C28F000074D18 /* Release */ = {
			isa = XCBuildConfiguration;
			buildSettings = {
				ALWAYS_SEARCH_USER_PATHS = NO;
				ASSETCATALOG_COMPILER_GENERATE_SWIFT_ASSET_SYMBOL_EXTENSIONS = YES;
				CLANG_ANALYZER_NONNULL = YES;
				CLANG_ANALYZER_NUMBER_OBJECT_CONVERSION = YES_AGGRESSIVE;
				CLANG_CXX_LANGUAGE_STANDARD = "gnu++20";
				CLANG_ENABLE_MODULES = YES;
				CLANG_ENABLE_OBJC_ARC = YES;
				CLANG_ENABLE_OBJC_WEAK = YES;
				CLANG_WARN_BLOCK_CAPTURE_AUTORELEASING = YES;
				CLANG_WARN_BOOL_CONVERSION = YES;
				CLANG_WARN_COMMA = YES;
				CLANG_WARN_CONSTANT_CONVERSION = YES;
				CLANG_WARN_DEPRECATED_OBJC_IMPLEMENTATIONS = YES;
				CLANG_WARN_DIRECT_OBJC_ISA_USAGE = YES_ERROR;
				CLANG_WARN_DOCUMENTATION_COMMENTS = YES;
				CLANG_WARN_EMPTY_BODY = YES;
				CLANG_WARN_ENUM_CONVERSION = YES;
				CLANG_WARN_INFINITE_RECURSION = YES;
				CLANG_WARN_INT_CONVERSION = YES;
				CLANG_WARN_NON_LITERAL_NULL_CONVERSION = YES;
				CLANG_WARN_OBJC_IMPLICIT_RETAIN_SELF = YES;
				CLANG_WARN_OBJC_LITERAL_CONVERSION = YES;
				CLANG_WARN_OBJC_ROOT_CLASS = YES_ERROR;
				CLANG_WARN_QUOTED_INCLUDE_IN_FRAMEWORK_HEADER = YES;
				CLANG_WARN_RANGE_LOOP_ANALYSIS = YES;
				CLANG_WARN_STRICT_PROTOTYPES = YES;
				CLANG_WARN_SUSPICIOUS_MOVE = YES;
				CLANG_WARN_UNGUARDED_AVAILABILITY = YES_AGGRESSIVE;
				CLANG_WARN_UNREACHABLE_CODE = YES;
				CLANG_WARN__DUPLICATE_METHOD_MATCH = YES;
				COPY_PHASE_STRIP = NO;
				DEBUG_INFORMATION_FORMAT = "dwarf-with-dsym";
				ENABLE_NS_ASSERTIONS = NO;
				ENABLE_STRICT_OBJC_MSGSEND = YES;
				ENABLE_USER_SCRIPT_SANDBOXING = YES;
				GCC_C_LANGUAGE_STANDARD = gnu17;
				GCC_NO_COMMON_BLOCKS = YES;
				GCC_WARN_64_TO_32_BIT_CONVERSION = YES;
				GCC_WARN_ABOUT_RETURN_TYPE = YES_ERROR;
				GCC_WARN_UNDECLARED_SELECTOR = YES;
				GCC_WARN_UNINITIALIZED_AUTOS = YES_AGGRESSIVE;
				GCC_WARN_UNUSED_FUNCTION = YES;
				GCC_WARN_UNUSED_VARIABLE = YES;
				IPHONEOS_DEPLOYMENT_TARGET = 17.5;
				LOCALIZATION_PREFERS_STRING_CATALOGS = YES;
				MTL_ENABLE_DEBUG_INFO = NO;
				MTL_FAST_MATH = YES;
				SDKROOT = iphoneos;
				SWIFT_COMPILATION_MODE = wholemodule;
				VALIDATE_PRODUCT = YES;
			};
			name = Release;
		};
		1D993FE12D2C28F000074D18 /* Debug */ = {
			isa = XCBuildConfiguration;
			buildSettings = {
				ASSETCATALOG_COMPILER_APPICON_NAME = AppIcon;
				ASSETCATALOG_COMPILER_GLOBAL_ACCENT_COLOR_NAME = AccentColor;
				CODE_SIGN_STYLE = Automatic;
				CURRENT_PROJECT_VERSION = 1;
				DEVELOPMENT_TEAM = 7HTRP53WA3;
				GENERATE_INFOPLIST_FILE = YES;
				INFOPLIST_FILE = "MVVM+CleanArchitecture/Info.plist";
				INFOPLIST_KEY_UIApplicationSupportsIndirectInputEvents = YES;
				INFOPLIST_KEY_UILaunchStoryboardName = LaunchScreen;
				INFOPLIST_KEY_UIMainStoryboardFile = Main;
				INFOPLIST_KEY_UISupportedInterfaceOrientations_iPad = "UIInterfaceOrientationPortrait UIInterfaceOrientationPortraitUpsideDown UIInterfaceOrientationLandscapeLeft UIInterfaceOrientationLandscapeRight";
				INFOPLIST_KEY_UISupportedInterfaceOrientations_iPhone = "UIInterfaceOrientationPortrait UIInterfaceOrientationLandscapeLeft UIInterfaceOrientationLandscapeRight";
				LD_RUNPATH_SEARCH_PATHS = (
					"$(inherited)",
					"@executable_path/Frameworks",
				);
				MARKETING_VERSION = 1.0;
				PRODUCT_BUNDLE_IDENTIFIER = "com.Jhong.MVVM-CleanArchitecture";
				PRODUCT_NAME = "$(TARGET_NAME)";
				SWIFT_EMIT_LOC_STRINGS = YES;
				SWIFT_VERSION = 5.0;
				TARGETED_DEVICE_FAMILY = "1,2";
			};
			name = Debug;
		};
		1D993FE22D2C28F000074D18 /* Release */ = {
			isa = XCBuildConfiguration;
			buildSettings = {
				ASSETCATALOG_COMPILER_APPICON_NAME = AppIcon;
				ASSETCATALOG_COMPILER_GLOBAL_ACCENT_COLOR_NAME = AccentColor;
				CODE_SIGN_STYLE = Automatic;
				CURRENT_PROJECT_VERSION = 1;
				DEVELOPMENT_TEAM = 7HTRP53WA3;
				GENERATE_INFOPLIST_FILE = YES;
				INFOPLIST_FILE = "MVVM+CleanArchitecture/Info.plist";
				INFOPLIST_KEY_UIApplicationSupportsIndirectInputEvents = YES;
				INFOPLIST_KEY_UILaunchStoryboardName = LaunchScreen;
				INFOPLIST_KEY_UIMainStoryboardFile = Main;
				INFOPLIST_KEY_UISupportedInterfaceOrientations_iPad = "UIInterfaceOrientationPortrait UIInterfaceOrientationPortraitUpsideDown UIInterfaceOrientationLandscapeLeft UIInterfaceOrientationLandscapeRight";
				INFOPLIST_KEY_UISupportedInterfaceOrientations_iPhone = "UIInterfaceOrientationPortrait UIInterfaceOrientationLandscapeLeft UIInterfaceOrientationLandscapeRight";
				LD_RUNPATH_SEARCH_PATHS = (
					"$(inherited)",
					"@executable_path/Frameworks",
				);
				MARKETING_VERSION = 1.0;
				PRODUCT_BUNDLE_IDENTIFIER = "com.Jhong.MVVM-CleanArchitecture";
				PRODUCT_NAME = "$(TARGET_NAME)";
				SWIFT_EMIT_LOC_STRINGS = YES;
				SWIFT_VERSION = 5.0;
				TARGETED_DEVICE_FAMILY = "1,2";
			};
			name = Release;
		};
		1D993FE42D2C28F000074D18 /* Debug */ = {
			isa = XCBuildConfiguration;
			buildSettings = {
				ALWAYS_EMBED_SWIFT_STANDARD_LIBRARIES = YES;
				BUNDLE_LOADER = "$(TEST_HOST)";
				CODE_SIGN_STYLE = Automatic;
				CURRENT_PROJECT_VERSION = 1;
				DEVELOPMENT_TEAM = 7HTRP53WA3;
				GENERATE_INFOPLIST_FILE = YES;
				IPHONEOS_DEPLOYMENT_TARGET = 17.5;
				MARKETING_VERSION = 1.0;
				PRODUCT_BUNDLE_IDENTIFIER = "com.Jhong.MVVM-CleanArchitectureTests";
				PRODUCT_NAME = "$(TARGET_NAME)";
				SWIFT_EMIT_LOC_STRINGS = NO;
				SWIFT_VERSION = 5.0;
				TARGETED_DEVICE_FAMILY = "1,2";
				TEST_HOST = "$(BUILT_PRODUCTS_DIR)/MVVM+CleanArchitecture.app/$(BUNDLE_EXECUTABLE_FOLDER_PATH)/MVVM+CleanArchitecture";
			};
			name = Debug;
		};
		1D993FE52D2C28F000074D18 /* Release */ = {
			isa = XCBuildConfiguration;
			buildSettings = {
				ALWAYS_EMBED_SWIFT_STANDARD_LIBRARIES = YES;
				BUNDLE_LOADER = "$(TEST_HOST)";
				CODE_SIGN_STYLE = Automatic;
				CURRENT_PROJECT_VERSION = 1;
				DEVELOPMENT_TEAM = 7HTRP53WA3;
				GENERATE_INFOPLIST_FILE = YES;
				IPHONEOS_DEPLOYMENT_TARGET = 17.5;
				MARKETING_VERSION = 1.0;
				PRODUCT_BUNDLE_IDENTIFIER = "com.Jhong.MVVM-CleanArchitectureTests";
				PRODUCT_NAME = "$(TARGET_NAME)";
				SWIFT_EMIT_LOC_STRINGS = NO;
				SWIFT_VERSION = 5.0;
				TARGETED_DEVICE_FAMILY = "1,2";
				TEST_HOST = "$(BUILT_PRODUCTS_DIR)/MVVM+CleanArchitecture.app/$(BUNDLE_EXECUTABLE_FOLDER_PATH)/MVVM+CleanArchitecture";
			};
			name = Release;
		};
		1D993FE72D2C28F000074D18 /* Debug */ = {
			isa = XCBuildConfiguration;
			buildSettings = {
				ALWAYS_EMBED_SWIFT_STANDARD_LIBRARIES = YES;
				CODE_SIGN_STYLE = Automatic;
				CURRENT_PROJECT_VERSION = 1;
				DEVELOPMENT_TEAM = 7HTRP53WA3;
				GENERATE_INFOPLIST_FILE = YES;
				MARKETING_VERSION = 1.0;
				PRODUCT_BUNDLE_IDENTIFIER = "com.Jhong.MVVM-CleanArchitectureUITests";
				PRODUCT_NAME = "$(TARGET_NAME)";
				SWIFT_EMIT_LOC_STRINGS = NO;
				SWIFT_VERSION = 5.0;
				TARGETED_DEVICE_FAMILY = "1,2";
				TEST_TARGET_NAME = "MVVM+CleanArchitecture";
			};
			name = Debug;
		};
		1D993FE82D2C28F000074D18 /* Release */ = {
			isa = XCBuildConfiguration;
			buildSettings = {
				ALWAYS_EMBED_SWIFT_STANDARD_LIBRARIES = YES;
				CODE_SIGN_STYLE = Automatic;
				CURRENT_PROJECT_VERSION = 1;
				DEVELOPMENT_TEAM = 7HTRP53WA3;
				GENERATE_INFOPLIST_FILE = YES;
				MARKETING_VERSION = 1.0;
				PRODUCT_BUNDLE_IDENTIFIER = "com.Jhong.MVVM-CleanArchitectureUITests";
				PRODUCT_NAME = "$(TARGET_NAME)";
				SWIFT_EMIT_LOC_STRINGS = NO;
				SWIFT_VERSION = 5.0;
				TARGETED_DEVICE_FAMILY = "1,2";
				TEST_TARGET_NAME = "MVVM+CleanArchitecture";
			};
			name = Release;
		};
/* End XCBuildConfiguration section */

/* Begin XCConfigurationList section */
		1D993FB12D2C28EF00074D18 /* Build configuration list for PBXProject "MVVM+CleanArchitecture" */ = {
			isa = XCConfigurationList;
			buildConfigurations = (
				1D993FDE2D2C28F000074D18 /* Debug */,
				1D993FDF2D2C28F000074D18 /* Release */,
			);
			defaultConfigurationIsVisible = 0;
			defaultConfigurationName = Release;
		};
		1D993FE02D2C28F000074D18 /* Build configuration list for PBXNativeTarget "MVVM+CleanArchitecture" */ = {
			isa = XCConfigurationList;
			buildConfigurations = (
				1D993FE12D2C28F000074D18 /* Debug */,
				1D993FE22D2C28F000074D18 /* Release */,
			);
			defaultConfigurationIsVisible = 0;
			defaultConfigurationName = Release;
		};
		1D993FE32D2C28F000074D18 /* Build configuration list for PBXNativeTarget "MVVM+CleanArchitectureTests" */ = {
			isa = XCConfigurationList;
			buildConfigurations = (
				1D993FE42D2C28F000074D18 /* Debug */,
				1D993FE52D2C28F000074D18 /* Release */,
			);
			defaultConfigurationIsVisible = 0;
			defaultConfigurationName = Release;
		};
		1D993FE62D2C28F000074D18 /* Build configuration list for PBXNativeTarget "MVVM+CleanArchitectureUITests" */ = {
			isa = XCConfigurationList;
			buildConfigurations = (
				1D993FE72D2C28F000074D18 /* Debug */,
				1D993FE82D2C28F000074D18 /* Release */,
			);
			defaultConfigurationIsVisible = 0;
			defaultConfigurationName = Release;
		};
/* End XCConfigurationList section */
	};
	rootObject = 1D993FAE2D2C28EF00074D18 /* Project object */;
}
